
Microsoft Visual Studio Solution File, Format Version 12.00
# Visual Studio Version 17
VisualStudioVersion = 17.11.35222.181
MinimumVisualStudioVersion = 10.0.40219.1
Project("{FAE04EC0-301F-11D3-BF4B-00C04F79EFBC}") = "laba6.1", "laba6.1\laba6.1.csproj", "{3E354664-AACD-4DCF-A363-6F6EB7FA1A0B}"
EndProject
Global
	GlobalSection(SolutionConfigurationPlatforms) = preSolution
		Debug|Any CPU = Debug|Any CPU
		Release|Any CPU = Release|Any CPU
	EndGlobalSection
	GlobalSection(ProjectConfigurationPlatforms) = postSolution
		{3E354664-AACD-4DCF-A363-6F6EB7FA1A0B}.Debug|Any CPU.ActiveCfg = Debug|Any CPU
		{3E354664-AACD-4DCF-A363-6F6EB7FA1A0B}.Debug|Any CPU.Build.0 = Debug|Any CPU
		{3E354664-AACD-4DCF-A363-6F6EB7FA1A0B}.Release|Any CPU.ActiveCfg = Release|Any CPU
		{3E354664-AACD-4DCF-A363-6F6EB7FA1A0B}.Release|Any CPU.Build.0 = Release|Any CPU
	EndGlobalSection
	GlobalSection(SolutionProperties) = preSolution
		HideSolutionNode = FALSE
	EndGlobalSection
	GlobalSection(ExtensibilityGlobals) = postSolution
		SolutionGuid = {638FF74F-53A4-4DD2-BBC3-74C755C2454E}
	EndGlobalSection
EndGlobal
